
Microsoft Visual Studio Solution File, Format Version 12.00
# Visual Studio 14
VisualStudioVersion = 14.0.23107.0
MinimumVisualStudioVersion = 10.0.40219.1
Project("{F184B08F-C81C-45F6-A57F-5ABD9991F28F}") = "LazyFramework", "Framework\LazyFramework.vbproj", "{D72CA321-6426-4493-BCC5-961284F1C51A}"
EndProject
Project("{F184B08F-C81C-45F6-A57F-5ABD9991F28F}") = "LazyFramework.Test", "Framework.Test\LazyFramework.Test.vbproj", "{7244C152-0CAD-4A1F-B911-3BFECD923E1B}"
EndProject
Project("{2150E333-8FDC-42A3-9474-1A3956D46DE8}") = "Test", "Test", "{B6A318C8-C2A9-468B-886A-A8F0D37848D5}"
EndProject
Project("{2150E333-8FDC-42A3-9474-1A3956D46DE8}") = "Solution Items", "Solution Items", "{13670540-F037-44C1-BB09-C33A2CFCFBDB}"
	ProjectSection(SolutionItems) = preProject
		README.md = README.md
	EndProjectSection
EndProject
Project("{F184B08F-C81C-45F6-A57F-5ABD9991F28F}") = "LazyFramework.MSSqlServer", "SqlServer\LazyFramework.MSSqlServer.vbproj", "{50AB965D-B3D0-4DA4-BFD4-49EA2907FC0D}"
EndProject
Project("{F184B08F-C81C-45F6-A57F-5ABD9991F28F}") = "LazyFramework.Message", "LazyMessage\LazyFramework.Message.vbproj", "{EB217583-6769-4109-874B-7FD07AE9944B}"
EndProject
Project("{F184B08F-C81C-45F6-A57F-5ABD9991F28F}") = "LazyMessage.MSMQ", "LazyMessage.MSMQ\LazyMessage.MSMQ.vbproj", "{2A86F622-594F-466B-BC03-956D1347DC36}"
EndProject
Project("{F184B08F-C81C-45F6-A57F-5ABD9991F28F}") = "Sender", "MessageConsole\Sender\Sender.vbproj", "{7F60E909-1278-4DB2-99CF-347D5E4DD809}"
EndProject
Project("{F184B08F-C81C-45F6-A57F-5ABD9991F28F}") = "Reciver", "MessageConsole\Reciver\Reciver.vbproj", "{4CC5254E-6F94-4675-9F8B-62D313854FEB}"
EndProject
Project("{F184B08F-C81C-45F6-A57F-5ABD9991F28F}") = "LazyFramework.CQRS", "LazyFramework.CQRS\LazyFramework.CQRS.vbproj", "{478C54CA-00C8-4F36-B3C5-AE7291270F70}"
EndProject
Global
	GlobalSection(SolutionConfigurationPlatforms) = preSolution
		Debug|Any CPU = Debug|Any CPU
		DebugPersonalarkiv|Any CPU = DebugPersonalarkiv|Any CPU
		Release|Any CPU = Release|Any CPU
	EndGlobalSection
	GlobalSection(ProjectConfigurationPlatforms) = postSolution
		{D72CA321-6426-4493-BCC5-961284F1C51A}.Debug|Any CPU.ActiveCfg = Debug|Any CPU
		{D72CA321-6426-4493-BCC5-961284F1C51A}.Debug|Any CPU.Build.0 = Debug|Any CPU
		{D72CA321-6426-4493-BCC5-961284F1C51A}.DebugPersonalarkiv|Any CPU.ActiveCfg = DebugPersonalarkiv|Any CPU
		{D72CA321-6426-4493-BCC5-961284F1C51A}.DebugPersonalarkiv|Any CPU.Build.0 = DebugPersonalarkiv|Any CPU
		{D72CA321-6426-4493-BCC5-961284F1C51A}.Release|Any CPU.ActiveCfg = Release|Any CPU
		{D72CA321-6426-4493-BCC5-961284F1C51A}.Release|Any CPU.Build.0 = Release|Any CPU
		{7244C152-0CAD-4A1F-B911-3BFECD923E1B}.Debug|Any CPU.ActiveCfg = Debug|Any CPU
		{7244C152-0CAD-4A1F-B911-3BFECD923E1B}.Debug|Any CPU.Build.0 = Debug|Any CPU
		{7244C152-0CAD-4A1F-B911-3BFECD923E1B}.DebugPersonalarkiv|Any CPU.ActiveCfg = Debug|Any CPU
		{7244C152-0CAD-4A1F-B911-3BFECD923E1B}.DebugPersonalarkiv|Any CPU.Build.0 = Debug|Any CPU
		{7244C152-0CAD-4A1F-B911-3BFECD923E1B}.Release|Any CPU.ActiveCfg = Release|Any CPU
		{7244C152-0CAD-4A1F-B911-3BFECD923E1B}.Release|Any CPU.Build.0 = Release|Any CPU
		{50AB965D-B3D0-4DA4-BFD4-49EA2907FC0D}.Debug|Any CPU.ActiveCfg = Debug|Any CPU
		{50AB965D-B3D0-4DA4-BFD4-49EA2907FC0D}.Debug|Any CPU.Build.0 = Debug|Any CPU
		{50AB965D-B3D0-4DA4-BFD4-49EA2907FC0D}.DebugPersonalarkiv|Any CPU.ActiveCfg = Debug|Any CPU
		{50AB965D-B3D0-4DA4-BFD4-49EA2907FC0D}.DebugPersonalarkiv|Any CPU.Build.0 = Debug|Any CPU
		{50AB965D-B3D0-4DA4-BFD4-49EA2907FC0D}.Release|Any CPU.ActiveCfg = Release|Any CPU
		{50AB965D-B3D0-4DA4-BFD4-49EA2907FC0D}.Release|Any CPU.Build.0 = Release|Any CPU
		{EB217583-6769-4109-874B-7FD07AE9944B}.Debug|Any CPU.ActiveCfg = Debug|Any CPU
		{EB217583-6769-4109-874B-7FD07AE9944B}.Debug|Any CPU.Build.0 = Debug|Any CPU
		{EB217583-6769-4109-874B-7FD07AE9944B}.DebugPersonalarkiv|Any CPU.ActiveCfg = Debug|Any CPU
		{EB217583-6769-4109-874B-7FD07AE9944B}.DebugPersonalarkiv|Any CPU.Build.0 = Debug|Any CPU
		{EB217583-6769-4109-874B-7FD07AE9944B}.Release|Any CPU.ActiveCfg = Release|Any CPU
		{EB217583-6769-4109-874B-7FD07AE9944B}.Release|Any CPU.Build.0 = Release|Any CPU
		{2A86F622-594F-466B-BC03-956D1347DC36}.Debug|Any CPU.ActiveCfg = Debug|Any CPU
		{2A86F622-594F-466B-BC03-956D1347DC36}.Debug|Any CPU.Build.0 = Debug|Any CPU
		{2A86F622-594F-466B-BC03-956D1347DC36}.DebugPersonalarkiv|Any CPU.ActiveCfg = Debug|Any CPU
		{2A86F622-594F-466B-BC03-956D1347DC36}.DebugPersonalarkiv|Any CPU.Build.0 = Debug|Any CPU
		{2A86F622-594F-466B-BC03-956D1347DC36}.Release|Any CPU.ActiveCfg = Release|Any CPU
		{2A86F622-594F-466B-BC03-956D1347DC36}.Release|Any CPU.Build.0 = Release|Any CPU
		{7F60E909-1278-4DB2-99CF-347D5E4DD809}.Debug|Any CPU.ActiveCfg = Debug|Any CPU
		{7F60E909-1278-4DB2-99CF-347D5E4DD809}.Debug|Any CPU.Build.0 = Debug|Any CPU
		{7F60E909-1278-4DB2-99CF-347D5E4DD809}.DebugPersonalarkiv|Any CPU.ActiveCfg = Debug|Any CPU
		{7F60E909-1278-4DB2-99CF-347D5E4DD809}.DebugPersonalarkiv|Any CPU.Build.0 = Debug|Any CPU
		{7F60E909-1278-4DB2-99CF-347D5E4DD809}.Release|Any CPU.ActiveCfg = Release|Any CPU
		{7F60E909-1278-4DB2-99CF-347D5E4DD809}.Release|Any CPU.Build.0 = Release|Any CPU
		{4CC5254E-6F94-4675-9F8B-62D313854FEB}.Debug|Any CPU.ActiveCfg = Debug|Any CPU
		{4CC5254E-6F94-4675-9F8B-62D313854FEB}.Debug|Any CPU.Build.0 = Debug|Any CPU
		{4CC5254E-6F94-4675-9F8B-62D313854FEB}.DebugPersonalarkiv|Any CPU.ActiveCfg = Debug|Any CPU
		{4CC5254E-6F94-4675-9F8B-62D313854FEB}.DebugPersonalarkiv|Any CPU.Build.0 = Debug|Any CPU
		{4CC5254E-6F94-4675-9F8B-62D313854FEB}.Release|Any CPU.ActiveCfg = Release|Any CPU
		{4CC5254E-6F94-4675-9F8B-62D313854FEB}.Release|Any CPU.Build.0 = Release|Any CPU
		{478C54CA-00C8-4F36-B3C5-AE7291270F70}.Debug|Any CPU.ActiveCfg = Debug|Any CPU
		{478C54CA-00C8-4F36-B3C5-AE7291270F70}.Debug|Any CPU.Build.0 = Debug|Any CPU
		{478C54CA-00C8-4F36-B3C5-AE7291270F70}.DebugPersonalarkiv|Any CPU.ActiveCfg = Debug|Any CPU
		{478C54CA-00C8-4F36-B3C5-AE7291270F70}.DebugPersonalarkiv|Any CPU.Build.0 = Debug|Any CPU
		{478C54CA-00C8-4F36-B3C5-AE7291270F70}.Release|Any CPU.ActiveCfg = Release|Any CPU
		{478C54CA-00C8-4F36-B3C5-AE7291270F70}.Release|Any CPU.Build.0 = Release|Any CPU
	EndGlobalSection
	GlobalSection(SolutionProperties) = preSolution
		HideSolutionNode = FALSE
	EndGlobalSection
	GlobalSection(NestedProjects) = preSolution
		{7244C152-0CAD-4A1F-B911-3BFECD923E1B} = {B6A318C8-C2A9-468B-886A-A8F0D37848D5}
		{7F60E909-1278-4DB2-99CF-347D5E4DD809} = {B6A318C8-C2A9-468B-886A-A8F0D37848D5}
		{4CC5254E-6F94-4675-9F8B-62D313854FEB} = {B6A318C8-C2A9-468B-886A-A8F0D37848D5}
	EndGlobalSection
EndGlobal
