
Microsoft Visual Studio Solution File, Format Version 12.00
# Visual Studio 2013
VisualStudioVersion = 12.0.31101.0
MinimumVisualStudioVersion = 10.0.40219.1
Project("{F184B08F-C81C-45F6-A57F-5ABD9991F28F}") = "LazyFramework", "LazyFramework.vbproj", "{D72CA321-6426-4493-BCC5-961284F1C51A}"
EndProject
Project("{F184B08F-C81C-45F6-A57F-5ABD9991F28F}") = "LazyFramework.Test", "..\Framework.Test\LazyFramework.Test.vbproj", "{7244C152-0CAD-4A1F-B911-3BFECD923E1B}"
EndProject
Global
	GlobalSection(SolutionConfigurationPlatforms) = preSolution
		Debug|Any CPU = Debug|Any CPU
		Debug|Mixed Platforms = Debug|Mixed Platforms
		Debug|x86 = Debug|x86
		Release|Any CPU = Release|Any CPU
		Release|Mixed Platforms = Release|Mixed Platforms
		Release|x86 = Release|x86
	EndGlobalSection
	GlobalSection(ProjectConfigurationPlatforms) = postSolution
		{D72CA321-6426-4493-BCC5-961284F1C51A}.Debug|Any CPU.ActiveCfg = Debug|Any CPU
		{D72CA321-6426-4493-BCC5-961284F1C51A}.Debug|Any CPU.Build.0 = Debug|Any CPU
		{D72CA321-6426-4493-BCC5-961284F1C51A}.Debug|Mixed Platforms.ActiveCfg = Debug|Any CPU
		{D72CA321-6426-4493-BCC5-961284F1C51A}.Debug|Mixed Platforms.Build.0 = Debug|Any CPU
		{D72CA321-6426-4493-BCC5-961284F1C51A}.Debug|x86.ActiveCfg = Debug|Any CPU
		{D72CA321-6426-4493-BCC5-961284F1C51A}.Release|Any CPU.ActiveCfg = Release|Any CPU
		{D72CA321-6426-4493-BCC5-961284F1C51A}.Release|Any CPU.Build.0 = Release|Any CPU
		{D72CA321-6426-4493-BCC5-961284F1C51A}.Release|Mixed Platforms.ActiveCfg = Release|Any CPU
		{D72CA321-6426-4493-BCC5-961284F1C51A}.Release|Mixed Platforms.Build.0 = Release|Any CPU
		{D72CA321-6426-4493-BCC5-961284F1C51A}.Release|x86.ActiveCfg = Release|Any CPU
		{7244C152-0CAD-4A1F-B911-3BFECD923E1B}.Debug|Any CPU.ActiveCfg = Debug|Any CPU
		{7244C152-0CAD-4A1F-B911-3BFECD923E1B}.Debug|Any CPU.Build.0 = Debug|Any CPU
		{7244C152-0CAD-4A1F-B911-3BFECD923E1B}.Debug|Mixed Platforms.ActiveCfg = Debug|Any CPU
		{7244C152-0CAD-4A1F-B911-3BFECD923E1B}.Debug|Mixed Platforms.Build.0 = Debug|Any CPU
		{7244C152-0CAD-4A1F-B911-3BFECD923E1B}.Debug|x86.ActiveCfg = Debug|Any CPU
		{7244C152-0CAD-4A1F-B911-3BFECD923E1B}.Release|Any CPU.ActiveCfg = Release|Any CPU
		{7244C152-0CAD-4A1F-B911-3BFECD923E1B}.Release|Any CPU.Build.0 = Release|Any CPU
		{7244C152-0CAD-4A1F-B911-3BFECD923E1B}.Release|Mixed Platforms.ActiveCfg = Release|Any CPU
		{7244C152-0CAD-4A1F-B911-3BFECD923E1B}.Release|Mixed Platforms.Build.0 = Release|Any CPU
		{7244C152-0CAD-4A1F-B911-3BFECD923E1B}.Release|x86.ActiveCfg = Release|Any CPU
	EndGlobalSection
	GlobalSection(SolutionProperties) = preSolution
		HideSolutionNode = FALSE
	EndGlobalSection
	GlobalSection(TestCaseManagementSettings) = postSolution
		CategoryFile = LazyFramework.vsmdi
	EndGlobalSection
EndGlobal
